# THIS IS AN AUTOGENERATED FILE. DO NOT EDIT THIS FILE DIRECTLY.
# yarn lockfile v1


"@types/node@^18.8.5":
  version "18.8.5"
  resolved "https://registry.yarnpkg.com/@types/node/-/node-18.8.5.tgz#6a31f820c1077c3f8ce44f9e203e68a176e8f59e"
  integrity sha512-Bq7G3AErwe5A/Zki5fdD3O6+0zDChhg671NfPjtIcbtzDNZTv4NPKMRFr7gtYPG7y+B8uTiNK4Ngd9T0FTar6Q==
